
Microsoft Visual Studio Solution File, Format Version 12.00
# Visual Studio Version 17
VisualStudioVersion = 17.0.31903.59
MinimumVisualStudioVersion = 10.0.40219.1
Project("{2150E333-8FDC-42A3-9474-1A3956D46DE8}") = "src", "src", "{827E0CD3-B72D-47B6-A68D-7590B98EB39B}"
EndProject
Project("{FAE04EC0-301F-11D3-BF4B-00C04F79EFBC}") = "Linkano.Api", "src\Linkano.Api\Linkano.Api.csproj", "{4DF23059-723D-44D2-A75F-08E7D024319D}"
EndProject
Project("{FAE04EC0-301F-11D3-BF4B-00C04F79EFBC}") = "Linkano.Application", "src\Linkano.Application\Linkano.Application.csproj", "{21A8DB28-5B12-4F17-9FF4-7730F6E45D1F}"
EndProject
Project("{FAE04EC0-301F-11D3-BF4B-00C04F79EFBC}") = "Linkano.Domain", "src\Linkano.Domain\Linkano.Domain.csproj", "{8323282C-1737-49AD-AC4E-1B122DEA512C}"
EndProject
Project("{FAE04EC0-301F-11D3-BF4B-00C04F79EFBC}") = "Linkano.Infrastructure", "src\Linkano.Infrastructure\Linkano.Infrastructure.csproj", "{3723D8B7-FFC4-4E2F-B1AC-8AFFAD820AD9}"
EndProject
Project("{FAE04EC0-301F-11D3-BF4B-00C04F79EFBC}") = "Linkano.Shared", "src\Linkano.Shared\Linkano.Shared.csproj", "{B9585DF3-6602-4CE7-B5CD-AA6DBCA1FBED}"
EndProject
Project("{2150E333-8FDC-42A3-9474-1A3956D46DE8}") = "tests", "tests", "{0AB3BF05-4346-4AA6-1389-037BE0695223}"
EndProject
Project("{FAE04EC0-301F-11D3-BF4B-00C04F79EFBC}") = "Linkano.UnitTests", "tests\Linkano.UnitTests\Linkano.UnitTests.csproj", "{8A3144DC-6637-414F-9EC4-6A97FEDF0A1B}"
EndProject
Project("{FAE04EC0-301F-11D3-BF4B-00C04F79EFBC}") = "Linkano.IntegrationTests", "tests\Linkano.IntegrationTests\Linkano.IntegrationTests.csproj", "{90F01599-CA3D-4F78-9575-29F035AA491E}"
EndProject
Global
	GlobalSection(SolutionConfigurationPlatforms) = preSolution
		Debug|Any CPU = Debug|Any CPU
		Debug|x64 = Debug|x64
		Debug|x86 = Debug|x86
		Release|Any CPU = Release|Any CPU
		Release|x64 = Release|x64
		Release|x86 = Release|x86
	EndGlobalSection
	GlobalSection(ProjectConfigurationPlatforms) = postSolution
		{4DF23059-723D-44D2-A75F-08E7D024319D}.Debug|Any CPU.ActiveCfg = Debug|Any CPU
		{4DF23059-723D-44D2-A75F-08E7D024319D}.Debug|Any CPU.Build.0 = Debug|Any CPU
		{4DF23059-723D-44D2-A75F-08E7D024319D}.Debug|x64.ActiveCfg = Debug|Any CPU
		{4DF23059-723D-44D2-A75F-08E7D024319D}.Debug|x64.Build.0 = Debug|Any CPU
		{4DF23059-723D-44D2-A75F-08E7D024319D}.Debug|x86.ActiveCfg = Debug|Any CPU
		{4DF23059-723D-44D2-A75F-08E7D024319D}.Debug|x86.Build.0 = Debug|Any CPU
		{4DF23059-723D-44D2-A75F-08E7D024319D}.Release|Any CPU.ActiveCfg = Release|Any CPU
		{4DF23059-723D-44D2-A75F-08E7D024319D}.Release|Any CPU.Build.0 = Release|Any CPU
		{4DF23059-723D-44D2-A75F-08E7D024319D}.Release|x64.ActiveCfg = Release|Any CPU
		{4DF23059-723D-44D2-A75F-08E7D024319D}.Release|x64.Build.0 = Release|Any CPU
		{4DF23059-723D-44D2-A75F-08E7D024319D}.Release|x86.ActiveCfg = Release|Any CPU
		{4DF23059-723D-44D2-A75F-08E7D024319D}.Release|x86.Build.0 = Release|Any CPU
		{21A8DB28-5B12-4F17-9FF4-7730F6E45D1F}.Debug|Any CPU.ActiveCfg = Debug|Any CPU
		{21A8DB28-5B12-4F17-9FF4-7730F6E45D1F}.Debug|Any CPU.Build.0 = Debug|Any CPU
		{21A8DB28-5B12-4F17-9FF4-7730F6E45D1F}.Debug|x64.ActiveCfg = Debug|Any CPU
		{21A8DB28-5B12-4F17-9FF4-7730F6E45D1F}.Debug|x64.Build.0 = Debug|Any CPU
		{21A8DB28-5B12-4F17-9FF4-7730F6E45D1F}.Debug|x86.ActiveCfg = Debug|Any CPU
		{21A8DB28-5B12-4F17-9FF4-7730F6E45D1F}.Debug|x86.Build.0 = Debug|Any CPU
		{21A8DB28-5B12-4F17-9FF4-7730F6E45D1F}.Release|Any CPU.ActiveCfg = Release|Any CPU
		{21A8DB28-5B12-4F17-9FF4-7730F6E45D1F}.Release|Any CPU.Build.0 = Release|Any CPU
		{21A8DB28-5B12-4F17-9FF4-7730F6E45D1F}.Release|x64.ActiveCfg = Release|Any CPU
		{21A8DB28-5B12-4F17-9FF4-7730F6E45D1F}.Release|x64.Build.0 = Release|Any CPU
		{21A8DB28-5B12-4F17-9FF4-7730F6E45D1F}.Release|x86.ActiveCfg = Release|Any CPU
		{21A8DB28-5B12-4F17-9FF4-7730F6E45D1F}.Release|x86.Build.0 = Release|Any CPU
		{8323282C-1737-49AD-AC4E-1B122DEA512C}.Debug|Any CPU.ActiveCfg = Debug|Any CPU
		{8323282C-1737-49AD-AC4E-1B122DEA512C}.Debug|Any CPU.Build.0 = Debug|Any CPU
		{8323282C-1737-49AD-AC4E-1B122DEA512C}.Debug|x64.ActiveCfg = Debug|Any CPU
		{8323282C-1737-49AD-AC4E-1B122DEA512C}.Debug|x64.Build.0 = Debug|Any CPU
		{8323282C-1737-49AD-AC4E-1B122DEA512C}.Debug|x86.ActiveCfg = Debug|Any CPU
		{8323282C-1737-49AD-AC4E-1B122DEA512C}.Debug|x86.Build.0 = Debug|Any CPU
		{8323282C-1737-49AD-AC4E-1B122DEA512C}.Release|Any CPU.ActiveCfg = Release|Any CPU
		{8323282C-1737-49AD-AC4E-1B122DEA512C}.Release|Any CPU.Build.0 = Release|Any CPU
		{8323282C-1737-49AD-AC4E-1B122DEA512C}.Release|x64.ActiveCfg = Release|Any CPU
		{8323282C-1737-49AD-AC4E-1B122DEA512C}.Release|x64.Build.0 = Release|Any CPU
		{8323282C-1737-49AD-AC4E-1B122DEA512C}.Release|x86.ActiveCfg = Release|Any CPU
		{8323282C-1737-49AD-AC4E-1B122DEA512C}.Release|x86.Build.0 = Release|Any CPU
		{3723D8B7-FFC4-4E2F-B1AC-8AFFAD820AD9}.Debug|Any CPU.ActiveCfg = Debug|Any CPU
		{3723D8B7-FFC4-4E2F-B1AC-8AFFAD820AD9}.Debug|Any CPU.Build.0 = Debug|Any CPU
		{3723D8B7-FFC4-4E2F-B1AC-8AFFAD820AD9}.Debug|x64.ActiveCfg = Debug|Any CPU
		{3723D8B7-FFC4-4E2F-B1AC-8AFFAD820AD9}.Debug|x64.Build.0 = Debug|Any CPU
		{3723D8B7-FFC4-4E2F-B1AC-8AFFAD820AD9}.Debug|x86.ActiveCfg = Debug|Any CPU
		{3723D8B7-FFC4-4E2F-B1AC-8AFFAD820AD9}.Debug|x86.Build.0 = Debug|Any CPU
		{3723D8B7-FFC4-4E2F-B1AC-8AFFAD820AD9}.Release|Any CPU.ActiveCfg = Release|Any CPU
		{3723D8B7-FFC4-4E2F-B1AC-8AFFAD820AD9}.Release|Any CPU.Build.0 = Release|Any CPU
		{3723D8B7-FFC4-4E2F-B1AC-8AFFAD820AD9}.Release|x64.ActiveCfg = Release|Any CPU
		{3723D8B7-FFC4-4E2F-B1AC-8AFFAD820AD9}.Release|x64.Build.0 = Release|Any CPU
		{3723D8B7-FFC4-4E2F-B1AC-8AFFAD820AD9}.Release|x86.ActiveCfg = Release|Any CPU
		{3723D8B7-FFC4-4E2F-B1AC-8AFFAD820AD9}.Release|x86.Build.0 = Release|Any CPU
		{B9585DF3-6602-4CE7-B5CD-AA6DBCA1FBED}.Debug|Any CPU.ActiveCfg = Debug|Any CPU
		{B9585DF3-6602-4CE7-B5CD-AA6DBCA1FBED}.Debug|Any CPU.Build.0 = Debug|Any CPU
		{B9585DF3-6602-4CE7-B5CD-AA6DBCA1FBED}.Debug|x64.ActiveCfg = Debug|Any CPU
		{B9585DF3-6602-4CE7-B5CD-AA6DBCA1FBED}.Debug|x64.Build.0 = Debug|Any CPU
		{B9585DF3-6602-4CE7-B5CD-AA6DBCA1FBED}.Debug|x86.ActiveCfg = Debug|Any CPU
		{B9585DF3-6602-4CE7-B5CD-AA6DBCA1FBED}.Debug|x86.Build.0 = Debug|Any CPU
		{B9585DF3-6602-4CE7-B5CD-AA6DBCA1FBED}.Release|Any CPU.ActiveCfg = Release|Any CPU
		{B9585DF3-6602-4CE7-B5CD-AA6DBCA1FBED}.Release|Any CPU.Build.0 = Release|Any CPU
		{B9585DF3-6602-4CE7-B5CD-AA6DBCA1FBED}.Release|x64.ActiveCfg = Release|Any CPU
		{B9585DF3-6602-4CE7-B5CD-AA6DBCA1FBED}.Release|x64.Build.0 = Release|Any CPU
		{B9585DF3-6602-4CE7-B5CD-AA6DBCA1FBED}.Release|x86.ActiveCfg = Release|Any CPU
		{B9585DF3-6602-4CE7-B5CD-AA6DBCA1FBED}.Release|x86.Build.0 = Release|Any CPU
		{8A3144DC-6637-414F-9EC4-6A97FEDF0A1B}.Debug|Any CPU.ActiveCfg = Debug|Any CPU
		{8A3144DC-6637-414F-9EC4-6A97FEDF0A1B}.Debug|Any CPU.Build.0 = Debug|Any CPU
		{8A3144DC-6637-414F-9EC4-6A97FEDF0A1B}.Debug|x64.ActiveCfg = Debug|Any CPU
		{8A3144DC-6637-414F-9EC4-6A97FEDF0A1B}.Debug|x64.Build.0 = Debug|Any CPU
		{8A3144DC-6637-414F-9EC4-6A97FEDF0A1B}.Debug|x86.ActiveCfg = Debug|Any CPU
		{8A3144DC-6637-414F-9EC4-6A97FEDF0A1B}.Debug|x86.Build.0 = Debug|Any CPU
		{8A3144DC-6637-414F-9EC4-6A97FEDF0A1B}.Release|Any CPU.ActiveCfg = Release|Any CPU
		{8A3144DC-6637-414F-9EC4-6A97FEDF0A1B}.Release|Any CPU.Build.0 = Release|Any CPU
		{8A3144DC-6637-414F-9EC4-6A97FEDF0A1B}.Release|x64.ActiveCfg = Release|Any CPU
		{8A3144DC-6637-414F-9EC4-6A97FEDF0A1B}.Release|x64.Build.0 = Release|Any CPU
		{8A3144DC-6637-414F-9EC4-6A97FEDF0A1B}.Release|x86.ActiveCfg = Release|Any CPU
		{8A3144DC-6637-414F-9EC4-6A97FEDF0A1B}.Release|x86.Build.0 = Release|Any CPU
		{90F01599-CA3D-4F78-9575-29F035AA491E}.Debug|Any CPU.ActiveCfg = Debug|Any CPU
		{90F01599-CA3D-4F78-9575-29F035AA491E}.Debug|Any CPU.Build.0 = Debug|Any CPU
		{90F01599-CA3D-4F78-9575-29F035AA491E}.Debug|x64.ActiveCfg = Debug|Any CPU
		{90F01599-CA3D-4F78-9575-29F035AA491E}.Debug|x64.Build.0 = Debug|Any CPU
		{90F01599-CA3D-4F78-9575-29F035AA491E}.Debug|x86.ActiveCfg = Debug|Any CPU
		{90F01599-CA3D-4F78-9575-29F035AA491E}.Debug|x86.Build.0 = Debug|Any CPU
		{90F01599-CA3D-4F78-9575-29F035AA491E}.Release|Any CPU.ActiveCfg = Release|Any CPU
		{90F01599-CA3D-4F78-9575-29F035AA491E}.Release|Any CPU.Build.0 = Release|Any CPU
		{90F01599-CA3D-4F78-9575-29F035AA491E}.Release|x64.ActiveCfg = Release|Any CPU
		{90F01599-CA3D-4F78-9575-29F035AA491E}.Release|x64.Build.0 = Release|Any CPU
		{90F01599-CA3D-4F78-9575-29F035AA491E}.Release|x86.ActiveCfg = Release|Any CPU
		{90F01599-CA3D-4F78-9575-29F035AA491E}.Release|x86.Build.0 = Release|Any CPU
	EndGlobalSection
	GlobalSection(SolutionProperties) = preSolution
		HideSolutionNode = FALSE
	EndGlobalSection
	GlobalSection(NestedProjects) = preSolution
		{4DF23059-723D-44D2-A75F-08E7D024319D} = {827E0CD3-B72D-47B6-A68D-7590B98EB39B}
		{21A8DB28-5B12-4F17-9FF4-7730F6E45D1F} = {827E0CD3-B72D-47B6-A68D-7590B98EB39B}
		{8323282C-1737-49AD-AC4E-1B122DEA512C} = {827E0CD3-B72D-47B6-A68D-7590B98EB39B}
		{3723D8B7-FFC4-4E2F-B1AC-8AFFAD820AD9} = {827E0CD3-B72D-47B6-A68D-7590B98EB39B}
		{B9585DF3-6602-4CE7-B5CD-AA6DBCA1FBED} = {827E0CD3-B72D-47B6-A68D-7590B98EB39B}
		{8A3144DC-6637-414F-9EC4-6A97FEDF0A1B} = {0AB3BF05-4346-4AA6-1389-037BE0695223}
		{90F01599-CA3D-4F78-9575-29F035AA491E} = {0AB3BF05-4346-4AA6-1389-037BE0695223}
	EndGlobalSection
EndGlobal
